
Microsoft Visual Studio Solution File, Format Version 12.00
# Visual Studio Version 17
VisualStudioVersion = 17.3.32804.467
MinimumVisualStudioVersion = 10.0.40219.1
Project("{8BC9CEB8-8B4A-11D0-8D11-00A0C91BC942}") = "Algorithm_CPP", "Algorithm_CPP.vcxproj", "{B797581D-40D6-41A9-9E0F-6418108DE8A0}"
EndProject
Project("{FAE04EC0-301F-11D3-BF4B-00C04F79EFBC}") = "Algorithm_CSharp", "..\Algorithm_CSharp\Algorithm_CSharp.csproj", "{67572407-F968-42AA-B264-429D98E02D5D}"
EndProject
Global
	GlobalSection(SolutionConfigurationPlatforms) = preSolution
		Debug|Any CPU = Debug|Any CPU
		Debug|x64 = Debug|x64
		Debug|x86 = Debug|x86
		Release|Any CPU = Release|Any CPU
		Release|x64 = Release|x64
		Release|x86 = Release|x86
	EndGlobalSection
	GlobalSection(ProjectConfigurationPlatforms) = postSolution
		{B797581D-40D6-41A9-9E0F-6418108DE8A0}.Debug|Any CPU.ActiveCfg = Debug|Win32
		{B797581D-40D6-41A9-9E0F-6418108DE8A0}.Debug|x64.ActiveCfg = Debug|x64
		{B797581D-40D6-41A9-9E0F-6418108DE8A0}.Debug|x64.Build.0 = Debug|x64
		{B797581D-40D6-41A9-9E0F-6418108DE8A0}.Debug|x86.ActiveCfg = Debug|Win32
		{B797581D-40D6-41A9-9E0F-6418108DE8A0}.Debug|x86.Build.0 = Debug|Win32
		{B797581D-40D6-41A9-9E0F-6418108DE8A0}.Release|Any CPU.ActiveCfg = Release|Win32
		{B797581D-40D6-41A9-9E0F-6418108DE8A0}.Release|x64.ActiveCfg = Release|x64
		{B797581D-40D6-41A9-9E0F-6418108DE8A0}.Release|x64.Build.0 = Release|x64
		{B797581D-40D6-41A9-9E0F-6418108DE8A0}.Release|x86.ActiveCfg = Release|Win32
		{B797581D-40D6-41A9-9E0F-6418108DE8A0}.Release|x86.Build.0 = Release|Win32
		{67572407-F968-42AA-B264-429D98E02D5D}.Debug|Any CPU.ActiveCfg = Debug|Any CPU
		{67572407-F968-42AA-B264-429D98E02D5D}.Debug|Any CPU.Build.0 = Debug|Any CPU
		{67572407-F968-42AA-B264-429D98E02D5D}.Debug|x64.ActiveCfg = Debug|Any CPU
		{67572407-F968-42AA-B264-429D98E02D5D}.Debug|x64.Build.0 = Debug|Any CPU
		{67572407-F968-42AA-B264-429D98E02D5D}.Debug|x86.ActiveCfg = Debug|Any CPU
		{67572407-F968-42AA-B264-429D98E02D5D}.Debug|x86.Build.0 = Debug|Any CPU
		{67572407-F968-42AA-B264-429D98E02D5D}.Release|Any CPU.ActiveCfg = Release|Any CPU
		{67572407-F968-42AA-B264-429D98E02D5D}.Release|Any CPU.Build.0 = Release|Any CPU
		{67572407-F968-42AA-B264-429D98E02D5D}.Release|x64.ActiveCfg = Release|Any CPU
		{67572407-F968-42AA-B264-429D98E02D5D}.Release|x64.Build.0 = Release|Any CPU
		{67572407-F968-42AA-B264-429D98E02D5D}.Release|x86.ActiveCfg = Release|Any CPU
		{67572407-F968-42AA-B264-429D98E02D5D}.Release|x86.Build.0 = Release|Any CPU
	EndGlobalSection
	GlobalSection(SolutionProperties) = preSolution
		HideSolutionNode = FALSE
	EndGlobalSection
	GlobalSection(ExtensibilityGlobals) = postSolution
		SolutionGuid = {CB21F829-D1FA-4ABA-BC1F-B213D41C43C1}
	EndGlobalSection
EndGlobal
